
Microsoft Visual Studio Solution File, Format Version 12.00
# Visual Studio 15
VisualStudioVersion = 15.0.26228.10
MinimumVisualStudioVersion = 10.0.40219.1
Project("{FAE04EC0-301F-11D3-BF4B-00C04F79EFBC}") = "SdxApi", "SdxApi\SdxApi.csproj", "{EA22B2D2-D1E8-4B91-96ED-EEB6AB917DE3}"
EndProject
Project("{FAE04EC0-301F-11D3-BF4B-00C04F79EFBC}") = "SdxExamples", "SdxExamples\SdxExamples.csproj", "{2B96DC50-4BF6-4A44-BC63-D73FDE4EFCCD}"
EndProject
Project("{FAE04EC0-301F-11D3-BF4B-00C04F79EFBC}") = "SdxHilKeyboard", "SdxHilKeyboard\SdxHilKeyboard.csproj", "{C43E4DFE-F719-4AEA-9A11-F6874A323CD0}"
EndProject
Global
	GlobalSection(SolutionConfigurationPlatforms) = preSolution
		Debug|Any CPU = Debug|Any CPU
		Release|Any CPU = Release|Any CPU
	EndGlobalSection
	GlobalSection(ProjectConfigurationPlatforms) = postSolution
		{EA22B2D2-D1E8-4B91-96ED-EEB6AB917DE3}.Debug|Any CPU.ActiveCfg = Debug|Any CPU
		{EA22B2D2-D1E8-4B91-96ED-EEB6AB917DE3}.Debug|Any CPU.Build.0 = Debug|Any CPU
		{EA22B2D2-D1E8-4B91-96ED-EEB6AB917DE3}.Release|Any CPU.ActiveCfg = Release|Any CPU
		{EA22B2D2-D1E8-4B91-96ED-EEB6AB917DE3}.Release|Any CPU.Build.0 = Release|Any CPU
		{2B96DC50-4BF6-4A44-BC63-D73FDE4EFCCD}.Debug|Any CPU.ActiveCfg = Debug|Any CPU
		{2B96DC50-4BF6-4A44-BC63-D73FDE4EFCCD}.Debug|Any CPU.Build.0 = Debug|Any CPU
		{2B96DC50-4BF6-4A44-BC63-D73FDE4EFCCD}.Release|Any CPU.ActiveCfg = Release|Any CPU
		{2B96DC50-4BF6-4A44-BC63-D73FDE4EFCCD}.Release|Any CPU.Build.0 = Release|Any CPU
		{C43E4DFE-F719-4AEA-9A11-F6874A323CD0}.Debug|Any CPU.ActiveCfg = Debug|Any CPU
		{C43E4DFE-F719-4AEA-9A11-F6874A323CD0}.Debug|Any CPU.Build.0 = Debug|Any CPU
		{C43E4DFE-F719-4AEA-9A11-F6874A323CD0}.Release|Any CPU.ActiveCfg = Release|Any CPU
		{C43E4DFE-F719-4AEA-9A11-F6874A323CD0}.Release|Any CPU.Build.0 = Release|Any CPU
	EndGlobalSection
	GlobalSection(SolutionProperties) = preSolution
		HideSolutionNode = FALSE
	EndGlobalSection
EndGlobal
