
Microsoft Visual Studio Solution File, Format Version 12.00
# Visual Studio Express 2013 for Windows Desktop
VisualStudioVersion = 12.0.40629.0
MinimumVisualStudioVersion = 10.0.40219.1
Project("{8BC9CEB8-8B4A-11D0-8D11-00A0C91BC942}") = "SdxApi", "sdx_api\sdx_api.vcxproj", "{68B6ECB8-4AA7-4608-AAE1-7FD7C37C0636}"
EndProject
Project("{8BC9CEB8-8B4A-11D0-8D11-00A0C91BC942}") = "SdxExamples", "sdx_examples\sdx_examples.vcxproj", "{E3508524-B70E-442A-BDC5-D5698CBA2ACE}"
EndProject
Global
	GlobalSection(SolutionConfigurationPlatforms) = preSolution
		Debug|x64 = Debug|x64
		Release|x64 = Release|x64
	EndGlobalSection
	GlobalSection(ProjectConfigurationPlatforms) = postSolution
		{68B6ECB8-4AA7-4608-AAE1-7FD7C37C0636}.Debug|x64.ActiveCfg = Debug|x64
		{68B6ECB8-4AA7-4608-AAE1-7FD7C37C0636}.Debug|x64.Build.0 = Debug|x64
		{68B6ECB8-4AA7-4608-AAE1-7FD7C37C0636}.Release|x64.ActiveCfg = Release|x64
		{68B6ECB8-4AA7-4608-AAE1-7FD7C37C0636}.Release|x64.Build.0 = Release|x64
		{E3508524-B70E-442A-BDC5-D5698CBA2ACE}.Debug|x64.ActiveCfg = Debug|x64
		{E3508524-B70E-442A-BDC5-D5698CBA2ACE}.Debug|x64.Build.0 = Debug|x64
		{E3508524-B70E-442A-BDC5-D5698CBA2ACE}.Release|x64.ActiveCfg = Release|x64
		{E3508524-B70E-442A-BDC5-D5698CBA2ACE}.Release|x64.Build.0 = Release|x64
	EndGlobalSection
	GlobalSection(SolutionProperties) = preSolution
		HideSolutionNode = FALSE
	EndGlobalSection
EndGlobal
