<?xml version="1.0" encoding="UTF-8" standalone="yes" ?>
<CodeBlocks_project_file>
	<FileVersion major="1" minor="6" />
	<Project>
		<Option title="SdxApi" />
		<Option pch_mode="2" />
		<Option compiler="gcc" />
		<Build>
			<Target title="Debug">
				<Option output="bin/Debug/SdxApi" prefix_auto="1" extension_auto="1" />
				<Option working_dir="" />
				<Option object_output="obj/Debug/" />
				<Option type="2" />
				<Option compiler="gcc" />
				<Option createDefFile="1" />
				<Compiler>
					<Add option="-Wall" />
					<Add option="-g" />
				</Compiler>
			</Target>
			<Target title="Release">
				<Option output="bin/Release/SdxApi" prefix_auto="1" extension_auto="1" />
				<Option working_dir="" />
				<Option object_output="obj/Release/" />
				<Option type="2" />
				<Option compiler="gcc" />
				<Option createDefFile="1" />
				<Compiler>
					<Add option="-Wall" />
					<Add option="-O2" />
				</Compiler>
				<Linker>
					<Add option="-s" />
				</Linker>
			</Target>
		</Build>
		<Compiler>
			<Add option="-std=c++11" />
			<Add option="-DGUID_LIBUUID" />
			<Add directory="../sdx_api" />
		</Compiler>
		<Unit filename="all_commands.cpp" />
		<Unit filename="all_commands.h" />
		<Unit filename="attitude.cpp" />
		<Unit filename="attitude.h" />
		<Unit filename="cmd_client.cpp" />
		<Unit filename="cmd_client.h" />
		<Unit filename="command_base.cpp" />
		<Unit filename="command_base.h" />
		<Unit filename="command_exception.cpp" />
		<Unit filename="command_exception.h" />
		<Unit filename="command_factory.cpp" />
		<Unit filename="command_factory.h" />
		<Unit filename="command_result.cpp" />
		<Unit filename="command_result.h" />
		<Unit filename="command_result_factory.cpp" />
		<Unit filename="command_result_factory.h" />
		<Unit filename="date.h" />
		<Unit filename="date_time.h" />
		<Unit filename="ecef.cpp" />
		<Unit filename="ecef.h" />
		<Unit filename="enu.cpp" />
		<Unit filename="enu.h" />
		<Unit filename="gps_constants.h" />
		<Unit filename="guid.cpp" />
		<Unit filename="guid.h" />
		<Unit filename="hil_client.cpp" />
		<Unit filename="hil_client.h" />
		<Unit filename="lla.cpp" />
		<Unit filename="lla.h" />
		<Unit filename="rapidjson/allocators.h" />
		<Unit filename="rapidjson/document.h" />
		<Unit filename="rapidjson/encodedstream.h" />
		<Unit filename="rapidjson/encodings.h" />
		<Unit filename="rapidjson/error/en.h" />
		<Unit filename="rapidjson/error/error.h" />
		<Unit filename="rapidjson/filereadstream.h" />
		<Unit filename="rapidjson/filewritestream.h" />
		<Unit filename="rapidjson/internal/biginteger.h" />
		<Unit filename="rapidjson/internal/diyfp.h" />
		<Unit filename="rapidjson/internal/dtoa.h" />
		<Unit filename="rapidjson/internal/ieee754.h" />
		<Unit filename="rapidjson/internal/itoa.h" />
		<Unit filename="rapidjson/internal/meta.h" />
		<Unit filename="rapidjson/internal/pow10.h" />
		<Unit filename="rapidjson/internal/stack.h" />
		<Unit filename="rapidjson/internal/strfunc.h" />
		<Unit filename="rapidjson/internal/strtod.h" />
		<Unit filename="rapidjson/internal/swap.h" />
		<Unit filename="rapidjson/memorybuffer.h" />
		<Unit filename="rapidjson/memorystream.h" />
		<Unit filename="rapidjson/msinttypes/inttypes.h" />
		<Unit filename="rapidjson/msinttypes/stdint.h" />
		<Unit filename="rapidjson/pointer.h" />
		<Unit filename="rapidjson/prettywriter.h" />
		<Unit filename="rapidjson/rapidjson.h" />
		<Unit filename="rapidjson/reader.h" />
		<Unit filename="rapidjson/stringbuffer.h" />
		<Unit filename="rapidjson/writer.h" />
		<Unit filename="remote_simulator.cpp" />
		<Unit filename="remote_simulator.h" />
		<Extensions>
			<code_completion />
			<debugger />
		</Extensions>
	</Project>
</CodeBlocks_project_file>
